
Microsoft Visual Studio Solution File, Format Version 12.00
# Visual Studio Version 17
VisualStudioVersion = 17.4.33103.184
MinimumVisualStudioVersion = 10.0.40219.1
Project("{FAE04EC0-301F-11D3-BF4B-00C04F79EFBC}") = "EF_Project", "EF_Project\EF_Project.csproj", "{53D4E33F-C94B-49DC-8AFB-7EC3734E4F55}"
EndProject
Global
	GlobalSection(SolutionConfigurationPlatforms) = preSolution
		Debug|Any CPU = Debug|Any CPU
		Release|Any CPU = Release|Any CPU
	EndGlobalSection
	GlobalSection(ProjectConfigurationPlatforms) = postSolution
		{53D4E33F-C94B-49DC-8AFB-7EC3734E4F55}.Debug|Any CPU.ActiveCfg = Debug|Any CPU
		{53D4E33F-C94B-49DC-8AFB-7EC3734E4F55}.Debug|Any CPU.Build.0 = Debug|Any CPU
		{53D4E33F-C94B-49DC-8AFB-7EC3734E4F55}.Release|Any CPU.ActiveCfg = Release|Any CPU
		{53D4E33F-C94B-49DC-8AFB-7EC3734E4F55}.Release|Any CPU.Build.0 = Release|Any CPU
	EndGlobalSection
	GlobalSection(SolutionProperties) = preSolution
		HideSolutionNode = FALSE
	EndGlobalSection
	GlobalSection(ExtensibilityGlobals) = postSolution
		SolutionGuid = {AA71A6DF-B80C-46AD-B469-96199A13767A}
	EndGlobalSection
EndGlobal
